// !$*UTF8*$!
{
	archiveVersion = 1;
	classes = {
	};
	objectVersion = 50;
	objects = {

/* Begin PBXBuildFile section */
		CB113492242CCE95001860E8 /* AppDelegate.swift in Sources */ = {isa = PBXBuildFile; fileRef = CB113491242CCE95001860E8 /* AppDelegate.swift */; };
		CB113494242CCE95001860E8 /* SceneDelegate.swift in Sources */ = {isa = PBXBuildFile; fileRef = CB113493242CCE95001860E8 /* SceneDelegate.swift */; };
		CB113496242CCE95001860E8 /* ViewController.swift in Sources */ = {isa = PBXBuildFile; fileRef = CB113495242CCE95001860E8 /* ViewController.swift */; };
		CB113499242CCE95001860E8 /* Main.storyboard in Resources */ = {isa = PBXBuildFile; fileRef = CB113497242CCE95001860E8 /* Main.storyboard */; };
		CB11349B242CCE98001860E8 /* Assets.xcassets in Resources */ = {isa = PBXBuildFile; fileRef = CB11349A242CCE98001860E8 /* Assets.xcassets */; };
		CB11349E242CCE98001860E8 /* LaunchScreen.storyboard in Resources */ = {isa = PBXBuildFile; fileRef = CB11349C242CCE98001860E8 /* LaunchScreen.storyboard */; };
		CBCE9089242D997C00DE868F /* RoundButton.swift in Sources */ = {isa = PBXBuildFile; fileRef = CBCE9088242D997C00DE868F /* RoundButton.swift */; };
/* End PBXBuildFile section */

/* Begin PBXFileReference section */
		CB11348E242CCE95001860E8 /* Calculator_Project_2.app */ = {isa = PBXFileReference; explicitFileType = wrapper.application; includeInIndex = 0; path = Calculator_Project_2.app; sourceTree = BUILT_PRODUCTS_DIR; };
		CB113491242CCE95001860E8 /* AppDelegate.swift */ = {isa = PBXFileReference; lastKnownFileType = sourcecode.swift; path = AppDelegate.swift; sourceTree = "<group>"; };
		CB113493242CCE95001860E8 /* SceneDelegate.swift */ = {isa = PBXFileReference; lastKnownFileType = sourcecode.swift; path = SceneDelegate.swift; sourceTree = "<group>"; };
		CB113495242CCE95001860E8 /* ViewController.swift */ = {isa = PBXFileReference; lastKnownFileType = sourcecode.swift; path = ViewController.swift; sourceTree = "<group>"; };
		CB113498242CCE95001860E8 /* Base */ = {isa = PBXFileReference; lastKnownFileType = file.storyboard; name = Base; path = Base.lproj/Main.storyboard; sourceTree = "<group>"; };
		CB11349A242CCE98001860E8 /* Assets.xcassets */ = {isa = PBXFileReference; lastKnownFileType = folder.assetcatalog; path = Assets.xcassets; sourceTree = "<group>"; };
		CB11349D242CCE98001860E8 /* Base */ = {isa = PBXFileReference; lastKnownFileType = file.storyboard; name = Base; path = Base.lproj/LaunchScreen.storyboard; sourceTree = "<group>"; };
		CB11349F242CCE98001860E8 /* Info.plist */ = {isa = PBXFileReference; lastKnownFileType = text.plist.xml; path = Info.plist; sourceTree = "<group>"; };
		CB1134A6242CD392001860E8 /* README.md */ = {isa = PBXFileReference; lastKnownFileType = net.daringfireball.markdown; path = README.md; sourceTree = "<group>"; };
		CBCE9088242D997C00DE868F /* RoundButton.swift */ = {isa = PBXFileReference; lastKnownFileType = sourcecode.swift; path = RoundButton.swift; sourceTree = "<group>"; };
/* End PBXFileReference section */

/* Begin PBXFrameworksBuildPhase section */
		CB11348B242CCE95001860E8 /* Frameworks */ = {
			isa = PBXFrameworksBuildPhase;
			buildActionMask = 2147483647;
			files = (
			);
			runOnlyForDeploymentPostprocessing = 0;
		};
/* End PBXFrameworksBuildPhase section */

/* Begin PBXGroup section */
		CB113485242CCE95001860E8 = {
			isa = PBXGroup;
			children = (
				CB113490242CCE95001860E8 /* Calculator_Project_2 */,
				CB11348F242CCE95001860E8 /* Products */,
			);
			sourceTree = "<group>";
		};
		CB11348F242CCE95001860E8 /* Products */ = {
			isa = PBXGroup;
			children = (
				CB11348E242CCE95001860E8 /* Calculator_Project_2.app */,
			);
			name = Products;
			sourceTree = "<group>";
		};
		CB113490242CCE95001860E8 /* Calculator_Project_2 */ = {
			isa = PBXGroup;
			children = (
				CB1134A6242CD392001860E8 /* README.md */,
				CBCE9087242D996200DE868F /* Extensions */,
				CB1134A9242CD40E001860E8 /* Controller */,
				CB1134A8242CD408001860E8 /* View */,
				CB1134A7242CD3ED001860E8 /* Supporting Files */,
				CB11349A242CCE98001860E8 /* Assets.xcassets */,
				CB11349F242CCE98001860E8 /* Info.plist */,
			);
			path = Calculator_Project_2;
			sourceTree = "<group>";
		};
		CB1134A7242CD3ED001860E8 /* Supporting Files */ = {
			isa = PBXGroup;
			children = (
				CB113491242CCE95001860E8 /* AppDelegate.swift */,
				CB113493242CCE95001860E8 /* SceneDelegate.swift */,
				CB11349C242CCE98001860E8 /* LaunchScreen.storyboard */,
			);
			path = "Supporting Files";
			sourceTree = "<group>";
		};
		CB1134A8242CD408001860E8 /* View */ = {
			isa = PBXGroup;
			children = (
				CB113497242CCE95001860E8 /* Main.storyboard */,
			);
			path = View;
			sourceTree = "<group>";
		};
		CB1134A9242CD40E001860E8 /* Controller */ = {
			isa = PBXGroup;
			children = (
				CB113495242CCE95001860E8 /* ViewController.swift */,
			);
			path = Controller;
			sourceTree = "<group>";
		};
		CBCE9087242D996200DE868F /* Extensions */ = {
			isa = PBXGroup;
			children = (
				CBCE9088242D997C00DE868F /* RoundButton.swift */,
			);
			path = Extensions;
			sourceTree = "<group>";
		};
/* End PBXGroup section */

/* Begin PBXNativeTarget section */
		CB11348D242CCE95001860E8 /* Calculator_Project_2 */ = {
			isa = PBXNativeTarget;
			buildConfigurationList = CB1134A2242CCE98001860E8 /* Build configuration list for PBXNativeTarget "Calculator_Project_2" */;
			buildPhases = (
				CB11348A242CCE95001860E8 /* Sources */,
				CB11348B242CCE95001860E8 /* Frameworks */,
				CB11348C242CCE95001860E8 /* Resources */,
			);
			buildRules = (
			);
			dependencies = (
			);
			name = Calculator_Project_2;
			productName = Calculator_Project_2;
			productReference = CB11348E242CCE95001860E8 /* Calculator_Project_2.app */;
			productType = "com.apple.product-type.application";
		};
/* End PBXNativeTarget section */

/* Begin PBXProject section */
		CB113486242CCE95001860E8 /* Project object */ = {
			isa = PBXProject;
			attributes = {
				LastSwiftUpdateCheck = 1140;
				LastUpgradeCheck = 1140;
				ORGANIZATIONNAME = "Umer Khan";
				TargetAttributes = {
					CB11348D242CCE95001860E8 = {
						CreatedOnToolsVersion = 11.4;
					};
				};
			};
			buildConfigurationList = CB113489242CCE95001860E8 /* Build configuration list for PBXProject "Calculator_Project_2" */;
			compatibilityVersion = "Xcode 9.3";
			developmentRegion = en;
			hasScannedForEncodings = 0;
			knownRegions = (
				en,
				Base,
			);
			mainGroup = CB113485242CCE95001860E8;
			productRefGroup = CB11348F242CCE95001860E8 /* Products */;
			projectDirPath = "";
			projectRoot = "";
			targets = (
				CB11348D242CCE95001860E8 /* Calculator_Project_2 */,
			);
		};
/* End PBXProject section */

/* Begin PBXResourcesBuildPhase section */
		CB11348C242CCE95001860E8 /* Resources */ = {
			isa = PBXResourcesBuildPhase;
			buildActionMask = 2147483647;
			files = (
				CB11349E242CCE98001860E8 /* LaunchScreen.storyboard in Resources */,
				CB11349B242CCE98001860E8 /* Assets.xcassets in Resources */,
				CB113499242CCE95001860E8 /* Main.storyboard in Resources */,
			);
			runOnlyForDeploymentPostprocessing = 0;
		};
/* End PBXResourcesBuildPhase section */

/* Begin PBXSourcesBuildPhase section */
		CB11348A242CCE95001860E8 /* Sources */ = {
			isa = PBXSourcesBuildPhase;
			buildActionMask = 2147483647;
			files = (
				CBCE9089242D997C00DE868F /* RoundButton.swift in Sources */,
				CB113496242CCE95001860E8 /* ViewController.swift in Sources */,
				CB113492242CCE95001860E8 /* AppDelegate.swift in Sources */,
				CB113494242CCE95001860E8 /* SceneDelegate.swift in Sources */,
			);
			runOnlyForDeploymentPostprocessing = 0;
		};
/* End PBXSourcesBuildPhase section */

/* Begin PBXVariantGroup section */
		CB113497242CCE95001860E8 /* Main.storyboard */ = {
			isa = PBXVariantGroup;
			children = (
				CB113498242CCE95001860E8 /* Base */,
			);
			name = Main.storyboard;
			sourceTree = "<group>";
		};
		CB11349C242CCE98001860E8 /* LaunchScreen.storyboard */ = {
			isa = PBXVariantGroup;
			children = (
				CB11349D242CCE98001860E8 /* Base */,
			);
			name = LaunchScreen.storyboard;
			sourceTree = "<group>";
		};
/* End PBXVariantGroup section */

/* Begin XCBuildConfiguration section */
		CB1134A0242CCE98001860E8 /* Debug */ = {
			isa = XCBuildConfiguration;
			buildSettings = {
				ALWAYS_SEARCH_USER_PATHS = NO;
				CLANG_ANALYZER_NONNULL = YES;
				CLANG_ANALYZER_NUMBER_OBJECT_CONVERSION = YES_AGGRESSIVE;
				CLANG_CXX_LANGUAGE_STANDARD = "gnu++14";
				CLANG_CXX_LIBRARY = "libc++";
				CLANG_ENABLE_MODULES = YES;
				CLANG_ENABLE_OBJC_ARC = YES;
				CLANG_ENABLE_OBJC_WEAK = YES;
				CLANG_WARN_BLOCK_CAPTURE_AUTORELEASING = YES;
				CLANG_WARN_BOOL_CONVERSION = YES;
				CLANG_WARN_COMMA = YES;
				CLANG_WARN_CONSTANT_CONVERSION = YES;
				CLANG_WARN_DEPRECATED_OBJC_IMPLEMENTATIONS = YES;
				CLANG_WARN_DIRECT_OBJC_ISA_USAGE = YES_ERROR;
				CLANG_WARN_DOCUMENTATION_COMMENTS = YES;
				CLANG_WARN_EMPTY_BODY = YES;
				CLANG_WARN_ENUM_CONVERSION = YES;
				CLANG_WARN_INFINITE_RECURSION = YES;
				CLANG_WARN_INT_CONVERSION = YES;
				CLANG_WARN_NON_LITERAL_NULL_CONVERSION = YES;
				CLANG_WARN_OBJC_IMPLICIT_RETAIN_SELF = YES;
				CLANG_WARN_OBJC_LITERAL_CONVERSION = YES;
				CLANG_WARN_OBJC_ROOT_CLASS = YES_ERROR;
				CLANG_WARN_RANGE_LOOP_ANALYSIS = YES;
				CLANG_WARN_STRICT_PROTOTYPES = YES;
				CLANG_WARN_SUSPICIOUS_MOVE = YES;
				CLANG_WARN_UNGUARDED_AVAILABILITY = YES_AGGRESSIVE;
				CLANG_WARN_UNREACHABLE_CODE = YES;
				CLANG_WARN__DUPLICATE_METHOD_MATCH = YES;
				COPY_PHASE_STRIP = NO;
				DEBUG_INFORMATION_FORMAT = dwarf;
				ENABLE_STRICT_OBJC_MSGSEND = YES;
				ENABLE_TESTABILITY = YES;
				GCC_C_LANGUAGE_STANDARD = gnu11;
				GCC_DYNAMIC_NO_PIC = NO;
				GCC_NO_COMMON_BLOCKS = YES;
				GCC_OPTIMIZATION_LEVEL = 0;
				GCC_PREPROCESSOR_DEFINITIONS = (
					"DEBUG=1",
					"$(inherited)",
				);
				GCC_WARN_64_TO_32_BIT_CONVERSION = YES;
				GCC_WARN_ABOUT_RETURN_TYPE = YES_ERROR;
				GCC_WARN_UNDECLARED_SELECTOR = YES;
				GCC_WARN_UNINITIALIZED_AUTOS = YES_AGGRESSIVE;
				GCC_WARN_UNUSED_FUNCTION = YES;
				GCC_WARN_UNUSED_VARIABLE = YES;
				IPHONEOS_DEPLOYMENT_TARGET = 13.4;
				MTL_ENABLE_DEBUG_INFO = INCLUDE_SOURCE;
				MTL_FAST_MATH = YES;
				ONLY_ACTIVE_ARCH = YES;
				SDKROOT = iphoneos;
				SWIFT_ACTIVE_COMPILATION_CONDITIONS = DEBUG;
				SWIFT_OPTIMIZATION_LEVEL = "-Onone";
			};
			name = Debug;
		};
		CB1134A1242CCE98001860E8 /* Release */ = {
			isa = XCBuildConfiguration;
			buildSettings = {
				ALWAYS_SEARCH_USER_PATHS = NO;
				CLANG_ANALYZER_NONNULL = YES;
				CLANG_ANALYZER_NUMBER_OBJECT_CONVERSION = YES_AGGRESSIVE;
				CLANG_CXX_LANGUAGE_STANDARD = "gnu++14";
				CLANG_CXX_LIBRARY = "libc++";
				CLANG_ENABLE_MODULES = YES;
				CLANG_ENABLE_OBJC_ARC = YES;
				CLANG_ENABLE_OBJC_WEAK = YES;
				CLANG_WARN_BLOCK_CAPTURE_AUTORELEASING = YES;
				CLANG_WARN_BOOL_CONVERSION = YES;
				CLANG_WARN_COMMA = YES;
				CLANG_WARN_CONSTANT_CONVERSION = YES;
				CLANG_WARN_DEPRECATED_OBJC_IMPLEMENTATIONS = YES;
				CLANG_WARN_DIRECT_OBJC_ISA_USAGE = YES_ERROR;
				CLANG_WARN_DOCUMENTATION_COMMENTS = YES;
				CLANG_WARN_EMPTY_BODY = YES;
				CLANG_WARN_ENUM_CONVERSION = YES;
				CLANG_WARN_INFINITE_RECURSION = YES;
				CLANG_WARN_INT_CONVERSION = YES;
				CLANG_WARN_NON_LITERAL_NULL_CONVERSION = YES;
				CLANG_WARN_OBJC_IMPLICIT_RETAIN_SELF = YES;
				CLANG_WARN_OBJC_LITERAL_CONVERSION = YES;
				CLANG_WARN_OBJC_ROOT_CLASS = YES_ERROR;
				CLANG_WARN_RANGE_LOOP_ANALYSIS = YES;
				CLANG_WARN_STRICT_PROTOTYPES = YES;
				CLANG_WARN_SUSPICIOUS_MOVE = YES;
				CLANG_WARN_UNGUARDED_AVAILABILITY = YES_AGGRESSIVE;
				CLANG_WARN_UNREACHABLE_CODE = YES;
				CLANG_WARN__DUPLICATE_METHOD_MATCH = YES;
				COPY_PHASE_STRIP = NO;
				DEBUG_INFORMATION_FORMAT = "dwarf-with-dsym";
				ENABLE_NS_ASSERTIONS = NO;
				ENABLE_STRICT_OBJC_MSGSEND = YES;
				GCC_C_LANGUAGE_STANDARD = gnu11;
				GCC_NO_COMMON_BLOCKS = YES;
				GCC_WARN_64_TO_32_BIT_CONVERSION = YES;
				GCC_WARN_ABOUT_RETURN_TYPE = YES_ERROR;
				GCC_WARN_UNDECLARED_SELECTOR = YES;
				GCC_WARN_UNINITIALIZED_AUTOS = YES_AGGRESSIVE;
				GCC_WARN_UNUSED_FUNCTION = YES;
				GCC_WARN_UNUSED_VARIABLE = YES;
				IPHONEOS_DEPLOYMENT_TARGET = 13.4;
				MTL_ENABLE_DEBUG_INFO = NO;
				MTL_FAST_MATH = YES;
				SDKROOT = iphoneos;
				SWIFT_COMPILATION_MODE = wholemodule;
				SWIFT_OPTIMIZATION_LEVEL = "-O";
				VALIDATE_PRODUCT = YES;
			};
			name = Release;
		};
		CB1134A3242CCE98001860E8 /* Debug */ = {
			isa = XCBuildConfiguration;
			buildSettings = {
				ASSETCATALOG_COMPILER_APPICON_NAME = AppIcon;
				CODE_SIGN_STYLE = Automatic;
				DEVELOPMENT_TEAM = 646XC4LJ39;
				INFOPLIST_FILE = Calculator_Project_2/Info.plist;
				IPHONEOS_DEPLOYMENT_TARGET = 12.0;
				LD_RUNPATH_SEARCH_PATHS = (
					"$(inherited)",
					"@executable_path/Frameworks",
				);
				PRODUCT_BUNDLE_IDENTIFIER = "com.developers.Calculator-Project-2";
				PRODUCT_NAME = "$(TARGET_NAME)";
				SWIFT_VERSION = 5.0;
				TARGETED_DEVICE_FAMILY = 1;
			};
			name = Debug;
		};
		CB1134A4242CCE98001860E8 /* Release */ = {
			isa = XCBuildConfiguration;
			buildSettings = {
				ASSETCATALOG_COMPILER_APPICON_NAME = AppIcon;
				CODE_SIGN_STYLE = Automatic;
				DEVELOPMENT_TEAM = 646XC4LJ39;
				INFOPLIST_FILE = Calculator_Project_2/Info.plist;
				IPHONEOS_DEPLOYMENT_TARGET = 12.0;
				LD_RUNPATH_SEARCH_PATHS = (
					"$(inherited)",
					"@executable_path/Frameworks",
				);
				PRODUCT_BUNDLE_IDENTIFIER = "com.developers.Calculator-Project-2";
				PRODUCT_NAME = "$(TARGET_NAME)";
				SWIFT_VERSION = 5.0;
				TARGETED_DEVICE_FAMILY = 1;
			};
			name = Release;
		};
/* End XCBuildConfiguration section */

/* Begin XCConfigurationList section */
		CB113489242CCE95001860E8 /* Build configuration list for PBXProject "Calculator_Project_2" */ = {
			isa = XCConfigurationList;
			buildConfigurations = (
				CB1134A0242CCE98001860E8 /* Debug */,
				CB1134A1242CCE98001860E8 /* Release */,
			);
			defaultConfigurationIsVisible = 0;
			defaultConfigurationName = Release;
		};
		CB1134A2242CCE98001860E8 /* Build configuration list for PBXNativeTarget "Calculator_Project_2" */ = {
			isa = XCConfigurationList;
			buildConfigurations = (
				CB1134A3242CCE98001860E8 /* Debug */,
				CB1134A4242CCE98001860E8 /* Release */,
			);
			defaultConfigurationIsVisible = 0;
			defaultConfigurationName = Release;
		};
/* End XCConfigurationList section */
	};
	rootObject = CB113486242CCE95001860E8 /* Project object */;
}
